
Microsoft Visual Studio Solution File, Format Version 12.00
# Visual Studio Version 17
VisualStudioVersion = 17.0.32014.148
MinimumVisualStudioVersion = 10.0.40219.1
Project("{FAE04EC0-301F-11D3-BF4B-00C04F79EFBC}") = "Forager.Winforms", "Forager.Winforms\Forager.Winforms.csproj", "{1996F8D2-ED4B-481B-87B7-37786E804828}"
EndProject
Project("{FAE04EC0-301F-11D3-BF4B-00C04F79EFBC}") = "Forager.Tests", "Forager.Tests\Forager.Tests.csproj", "{A4467BED-18CC-41FA-B025-C88FD2522353}"
EndProject
Project("{FAE04EC0-301F-11D3-BF4B-00C04F79EFBC}") = "Forager.Core", "Forager.Core\Forager.Core.csproj", "{F8505A15-0B5B-45F9-AF52-BF44B2BD0A37}"
EndProject
Project("{FAE04EC0-301F-11D3-BF4B-00C04F79EFBC}") = "Forager.WebApi", "Forager.WebApi\Forager.WebApi.csproj", "{C697526E-0961-4127-B4FD-3821EA561592}"
EndProject
Project("{2150E333-8FDC-42A3-9474-1A3956D46DE8}") = "Solution Items", "Solution Items", "{37E2CEB6-964C-44D0-9362-FBA15BF78D7C}"
	ProjectSection(SolutionItems) = preProject
		.gitignore = .gitignore
	EndProjectSection
EndProject
Global
	GlobalSection(SolutionConfigurationPlatforms) = preSolution
		Debug|Any CPU = Debug|Any CPU
		Release|Any CPU = Release|Any CPU
	EndGlobalSection
	GlobalSection(ProjectConfigurationPlatforms) = postSolution
		{1996F8D2-ED4B-481B-87B7-37786E804828}.Debug|Any CPU.ActiveCfg = Debug|Any CPU
		{1996F8D2-ED4B-481B-87B7-37786E804828}.Debug|Any CPU.Build.0 = Debug|Any CPU
		{1996F8D2-ED4B-481B-87B7-37786E804828}.Release|Any CPU.ActiveCfg = Release|Any CPU
		{1996F8D2-ED4B-481B-87B7-37786E804828}.Release|Any CPU.Build.0 = Release|Any CPU
		{A4467BED-18CC-41FA-B025-C88FD2522353}.Debug|Any CPU.ActiveCfg = Debug|Any CPU
		{A4467BED-18CC-41FA-B025-C88FD2522353}.Debug|Any CPU.Build.0 = Debug|Any CPU
		{A4467BED-18CC-41FA-B025-C88FD2522353}.Release|Any CPU.ActiveCfg = Release|Any CPU
		{A4467BED-18CC-41FA-B025-C88FD2522353}.Release|Any CPU.Build.0 = Release|Any CPU
		{F8505A15-0B5B-45F9-AF52-BF44B2BD0A37}.Debug|Any CPU.ActiveCfg = Debug|Any CPU
		{F8505A15-0B5B-45F9-AF52-BF44B2BD0A37}.Debug|Any CPU.Build.0 = Debug|Any CPU
		{F8505A15-0B5B-45F9-AF52-BF44B2BD0A37}.Release|Any CPU.ActiveCfg = Release|Any CPU
		{F8505A15-0B5B-45F9-AF52-BF44B2BD0A37}.Release|Any CPU.Build.0 = Release|Any CPU
		{C697526E-0961-4127-B4FD-3821EA561592}.Debug|Any CPU.ActiveCfg = Debug|Any CPU
		{C697526E-0961-4127-B4FD-3821EA561592}.Debug|Any CPU.Build.0 = Debug|Any CPU
		{C697526E-0961-4127-B4FD-3821EA561592}.Release|Any CPU.ActiveCfg = Release|Any CPU
		{C697526E-0961-4127-B4FD-3821EA561592}.Release|Any CPU.Build.0 = Release|Any CPU
	EndGlobalSection
	GlobalSection(SolutionProperties) = preSolution
		HideSolutionNode = FALSE
	EndGlobalSection
	GlobalSection(ExtensibilityGlobals) = postSolution
		SolutionGuid = {B8D54ADD-1FB5-4EF0-B922-0184F9471B98}
	EndGlobalSection
EndGlobal
